// !$*UTF8*$!
{
	archiveVersion = 1;
	classes = {
	};
	objectVersion = 48;
	objects = {

/* Begin PBXBuildFile section */
		41FFEFBA10F1A2ABE0FBFDFC /* libPods-Shows-TZTV.a in Frameworks */ = {isa = PBXBuildFile; fileRef = 7A63577006430A2747DF2051 /* libPods-Shows-TZTV.a */; };
		D4186BE21F9C8B5E00204FB1 /* Assets.xcassets in Resources */ = {isa = PBXBuildFile; fileRef = D4186BE11F9C8B5E00204FB1 /* Assets.xcassets */; };
		D4186BE51F9C8B5E00204FB1 /* LaunchScreen.storyboard in Resources */ = {isa = PBXBuildFile; fileRef = D4186BE31F9C8B5E00204FB1 /* LaunchScreen.storyboard */; };
		D4186BEF1F9C8B9900204FB1 /* libCommon.a in Frameworks */ = {isa = PBXBuildFile; fileRef = D4186BF01F9C8B9900204FB1 /* libCommon.a */; };
		D4186C131F9CEC1300204FB1 /* Main.storyboard in Resources */ = {isa = PBXBuildFile; fileRef = D4186C121F9CEC1300204FB1 /* Main.storyboard */; };
		D4186CFF1F9CF16C00204FB1 /* AlipaySDK.bundle in Resources */ = {isa = PBXBuildFile; fileRef = D4186CEE1F9CF16C00204FB1 /* AlipaySDK.bundle */; };
		D4186D001F9CF16C00204FB1 /* AlipaySDK.framework in Frameworks */ = {isa = PBXBuildFile; fileRef = D4186CEF1F9CF16C00204FB1 /* AlipaySDK.framework */; };
		D4186D011F9CF16C00204FB1 /* JhtFloatingBallSDK.a in Frameworks */ = {isa = PBXBuildFile; fileRef = D4186CF21F9CF16C00204FB1 /* JhtFloatingBallSDK.a */; };
		D4186D021F9CF16C00204FB1 /* MBProgressHUD+MJ.m in Sources */ = {isa = PBXBuildFile; fileRef = D4186CF51F9CF16C00204FB1 /* MBProgressHUD+MJ.m */; };
		D4186D031F9CF16C00204FB1 /* MBProgressHUD.bundle in Resources */ = {isa = PBXBuildFile; fileRef = D4186CF61F9CF16C00204FB1 /* MBProgressHUD.bundle */; };
		D4186D041F9CF16C00204FB1 /* MBProgressHUD.m in Sources */ = {isa = PBXBuildFile; fileRef = D4186CF81F9CF16C00204FB1 /* MBProgressHUD.m */; };
		D4186D051F9CF16C00204FB1 /* libWeChatSDK.a in Frameworks */ = {isa = PBXBuildFile; fileRef = D4186CFA1F9CF16C00204FB1 /* libWeChatSDK.a */; };
		D4186D061F9CF16C00204FB1 /* README.txt in Resources */ = {isa = PBXBuildFile; fileRef = D4186CFB1F9CF16C00204FB1 /* README.txt */; };
		D4186F521F9CF4DF00204FB1 /* MeViewController.m in Sources */ = {isa = PBXBuildFile; fileRef = D4186EA11F9CF4DE00204FB1 /* MeViewController.m */; };
/* End PBXBuildFile section */

/* Begin PBXFileReference section */
		5E974619B774DE7453B4E879 /* Pods-Shows-TZTV.release.xcconfig */ = {isa = PBXFileReference; includeInIndex = 1; lastKnownFileType = text.xcconfig; name = "Pods-Shows-TZTV.release.xcconfig"; path = "../../Pods/Target Support Files/Pods-Shows-TZTV/Pods-Shows-TZTV.release.xcconfig"; sourceTree = "<group>"; };
		7A63577006430A2747DF2051 /* libPods-Shows-TZTV.a */ = {isa = PBXFileReference; explicitFileType = archive.ar; includeInIndex = 0; path = "libPods-Shows-TZTV.a"; sourceTree = BUILT_PRODUCTS_DIR; };
		B53756C2D09A43414270FF97 /* Pods-Shows-TZTV.debug.xcconfig */ = {isa = PBXFileReference; includeInIndex = 1; lastKnownFileType = text.xcconfig; name = "Pods-Shows-TZTV.debug.xcconfig"; path = "../../Pods/Target Support Files/Pods-Shows-TZTV/Pods-Shows-TZTV.debug.xcconfig"; sourceTree = "<group>"; };
		D4186BD51F9C8B5E00204FB1 /* TZTV.app */ = {isa = PBXFileReference; explicitFileType = wrapper.application; includeInIndex = 0; path = TZTV.app; sourceTree = BUILT_PRODUCTS_DIR; };
		D4186BE11F9C8B5E00204FB1 /* Assets.xcassets */ = {isa = PBXFileReference; lastKnownFileType = folder.assetcatalog; path = Assets.xcassets; sourceTree = "<group>"; };
		D4186BE41F9C8B5E00204FB1 /* Base */ = {isa = PBXFileReference; lastKnownFileType = file.storyboard; name = Base; path = Base.lproj/LaunchScreen.storyboard; sourceTree = "<group>"; };
		D4186BE61F9C8B5E00204FB1 /* Info.plist */ = {isa = PBXFileReference; lastKnownFileType = text.plist.xml; path = Info.plist; sourceTree = "<group>"; };
		D4186BF01F9C8B9900204FB1 /* libCommon.a */ = {isa = PBXFileReference; explicitFileType = archive.ar; path = libCommon.a; sourceTree = BUILT_PRODUCTS_DIR; };
		D4186C121F9CEC1300204FB1 /* Main.storyboard */ = {isa = PBXFileReference; fileEncoding = 4; lastKnownFileType = file.storyboard; path = Main.storyboard; sourceTree = "<group>"; };
		D4186CEE1F9CF16C00204FB1 /* AlipaySDK.bundle */ = {isa = PBXFileReference; lastKnownFileType = "wrapper.plug-in"; path = AlipaySDK.bundle; sourceTree = "<group>"; };
		D4186CEF1F9CF16C00204FB1 /* AlipaySDK.framework */ = {isa = PBXFileReference; lastKnownFileType = wrapper.framework; path = AlipaySDK.framework; sourceTree = "<group>"; };
		D4186CF11F9CF16C00204FB1 /* JhtFloatingBall.h */ = {isa = PBXFileReference; fileEncoding = 4; lastKnownFileType = sourcecode.c.h; path = JhtFloatingBall.h; sourceTree = "<group>"; };
		D4186CF21F9CF16C00204FB1 /* JhtFloatingBallSDK.a */ = {isa = PBXFileReference; lastKnownFileType = archive.ar; path = JhtFloatingBallSDK.a; sourceTree = "<group>"; };
		D4186CF41F9CF16C00204FB1 /* MBProgressHUD+MJ.h */ = {isa = PBXFileReference; fileEncoding = 4; lastKnownFileType = sourcecode.c.h; path = "MBProgressHUD+MJ.h"; sourceTree = "<group>"; };
		D4186CF51F9CF16C00204FB1 /* MBProgressHUD+MJ.m */ = {isa = PBXFileReference; fileEncoding = 4; lastKnownFileType = sourcecode.c.objc; path = "MBProgressHUD+MJ.m"; sourceTree = "<group>"; };
		D4186CF61F9CF16C00204FB1 /* MBProgressHUD.bundle */ = {isa = PBXFileReference; lastKnownFileType = "wrapper.plug-in"; path = MBProgressHUD.bundle; sourceTree = "<group>"; };
		D4186CF71F9CF16C00204FB1 /* MBProgressHUD.h */ = {isa = PBXFileReference; fileEncoding = 4; lastKnownFileType = sourcecode.c.h; path = MBProgressHUD.h; sourceTree = "<group>"; };
		D4186CF81F9CF16C00204FB1 /* MBProgressHUD.m */ = {isa = PBXFileReference; fileEncoding = 4; lastKnownFileType = sourcecode.c.objc; path = MBProgressHUD.m; sourceTree = "<group>"; };
		D4186CFA1F9CF16C00204FB1 /* libWeChatSDK.a */ = {isa = PBXFileReference; lastKnownFileType = archive.ar; path = libWeChatSDK.a; sourceTree = "<group>"; };
		D4186CFB1F9CF16C00204FB1 /* README.txt */ = {isa = PBXFileReference; fileEncoding = 4; lastKnownFileType = text; path = README.txt; sourceTree = "<group>"; };
		D4186CFC1F9CF16C00204FB1 /* WechatAuthSDK.h */ = {isa = PBXFileReference; fileEncoding = 4; lastKnownFileType = sourcecode.c.h; path = WechatAuthSDK.h; sourceTree = "<group>"; };
		D4186CFD1F9CF16C00204FB1 /* WXApi.h */ = {isa = PBXFileReference; fileEncoding = 4; lastKnownFileType = sourcecode.c.h; path = WXApi.h; sourceTree = "<group>"; };
		D4186CFE1F9CF16C00204FB1 /* WXApiObject.h */ = {isa = PBXFileReference; fileEncoding = 4; lastKnownFileType = sourcecode.c.h; path = WXApiObject.h; sourceTree = "<group>"; };
		D4186EA01F9CF4DE00204FB1 /* MeViewController.h */ = {isa = PBXFileReference; fileEncoding = 4; lastKnownFileType = sourcecode.c.h; path = MeViewController.h; sourceTree = "<group>"; };
		D4186EA11F9CF4DE00204FB1 /* MeViewController.m */ = {isa = PBXFileReference; fileEncoding = 4; lastKnownFileType = sourcecode.c.objc; path = MeViewController.m; sourceTree = "<group>"; };
/* End PBXFileReference section */

/* Begin PBXFrameworksBuildPhase section */
		D4186BD21F9C8B5E00204FB1 /* Frameworks */ = {
			isa = PBXFrameworksBuildPhase;
			buildActionMask = 2147483647;
			files = (
				D4186BEF1F9C8B9900204FB1 /* libCommon.a in Frameworks */,
				41FFEFBA10F1A2ABE0FBFDFC /* libPods-Shows-TZTV.a in Frameworks */,
				D4186D011F9CF16C00204FB1 /* JhtFloatingBallSDK.a in Frameworks */,
				D4186D001F9CF16C00204FB1 /* AlipaySDK.framework in Frameworks */,
				D4186D051F9CF16C00204FB1 /* libWeChatSDK.a in Frameworks */,
			);
			runOnlyForDeploymentPostprocessing = 0;
		};
/* End PBXFrameworksBuildPhase section */

/* Begin PBXGroup section */
		14BE2977008658B60A832582 /* Pods */ = {
			isa = PBXGroup;
			children = (
				B53756C2D09A43414270FF97 /* Pods-Shows-TZTV.debug.xcconfig */,
				5E974619B774DE7453B4E879 /* Pods-Shows-TZTV.release.xcconfig */,
			);
			name = Pods;
			sourceTree = "<group>";
		};
		D4186BCC1F9C8B5E00204FB1 = {
			isa = PBXGroup;
			children = (
				D4186BD71F9C8B5E00204FB1 /* TZTV */,
				D4186BD61F9C8B5E00204FB1 /* Products */,
				D4186BEE1F9C8B9900204FB1 /* Frameworks */,
				14BE2977008658B60A832582 /* Pods */,
			);
			sourceTree = "<group>";
		};
		D4186BD61F9C8B5E00204FB1 /* Products */ = {
			isa = PBXGroup;
			children = (
				D4186BD51F9C8B5E00204FB1 /* TZTV.app */,
			);
			name = Products;
			sourceTree = "<group>";
		};
		D4186BD71F9C8B5E00204FB1 /* TZTV */ = {
			isa = PBXGroup;
			children = (
				D4186DFC1F9CF4DE00204FB1 /* VC */,
				D4186CEC1F9CF16C00204FB1 /* ThirdPart */,
				D4186BE11F9C8B5E00204FB1 /* Assets.xcassets */,
				D4186BE31F9C8B5E00204FB1 /* LaunchScreen.storyboard */,
				D4186C121F9CEC1300204FB1 /* Main.storyboard */,
				D4186BE61F9C8B5E00204FB1 /* Info.plist */,
			);
			path = TZTV;
			sourceTree = "<group>";
		};
		D4186BEE1F9C8B9900204FB1 /* Frameworks */ = {
			isa = PBXGroup;
			children = (
				D4186BF01F9C8B9900204FB1 /* libCommon.a */,
				7A63577006430A2747DF2051 /* libPods-Shows-TZTV.a */,
			);
			name = Frameworks;
			sourceTree = "<group>";
		};
		D4186CEC1F9CF16C00204FB1 /* ThirdPart */ = {
			isa = PBXGroup;
			children = (
				D4186CED1F9CF16C00204FB1 /* AliPay */,
				D4186CF01F9CF16C00204FB1 /* JhtFloatingBallSDK */,
				D4186CF31F9CF16C00204FB1 /* MBProgressHUD */,
				D4186CF91F9CF16C00204FB1 /* weixinPay */,
			);
			path = ThirdPart;
			sourceTree = "<group>";
		};
		D4186CED1F9CF16C00204FB1 /* AliPay */ = {
			isa = PBXGroup;
			children = (
				D4186CEE1F9CF16C00204FB1 /* AlipaySDK.bundle */,
				D4186CEF1F9CF16C00204FB1 /* AlipaySDK.framework */,
			);
			path = AliPay;
			sourceTree = "<group>";
		};
		D4186CF01F9CF16C00204FB1 /* JhtFloatingBallSDK */ = {
			isa = PBXGroup;
			children = (
				D4186CF11F9CF16C00204FB1 /* JhtFloatingBall.h */,
				D4186CF21F9CF16C00204FB1 /* JhtFloatingBallSDK.a */,
			);
			path = JhtFloatingBallSDK;
			sourceTree = "<group>";
		};
		D4186CF31F9CF16C00204FB1 /* MBProgressHUD */ = {
			isa = PBXGroup;
			children = (
				D4186CF41F9CF16C00204FB1 /* MBProgressHUD+MJ.h */,
				D4186CF51F9CF16C00204FB1 /* MBProgressHUD+MJ.m */,
				D4186CF61F9CF16C00204FB1 /* MBProgressHUD.bundle */,
				D4186CF71F9CF16C00204FB1 /* MBProgressHUD.h */,
				D4186CF81F9CF16C00204FB1 /* MBProgressHUD.m */,
			);
			path = MBProgressHUD;
			sourceTree = "<group>";
		};
		D4186CF91F9CF16C00204FB1 /* weixinPay */ = {
			isa = PBXGroup;
			children = (
				D4186CFA1F9CF16C00204FB1 /* libWeChatSDK.a */,
				D4186CFB1F9CF16C00204FB1 /* README.txt */,
				D4186CFC1F9CF16C00204FB1 /* WechatAuthSDK.h */,
				D4186CFD1F9CF16C00204FB1 /* WXApi.h */,
				D4186CFE1F9CF16C00204FB1 /* WXApiObject.h */,
			);
			path = weixinPay;
			sourceTree = "<group>";
		};
		D4186DFC1F9CF4DE00204FB1 /* VC */ = {
			isa = PBXGroup;
			children = (
				D4186E8F1F9CF4DE00204FB1 /* Wode */,
			);
			path = VC;
			sourceTree = "<group>";
		};
		D4186E8F1F9CF4DE00204FB1 /* Wode */ = {
			isa = PBXGroup;
			children = (
				D4186EA01F9CF4DE00204FB1 /* MeViewController.h */,
				D4186EA11F9CF4DE00204FB1 /* MeViewController.m */,
			);
			path = Wode;
			sourceTree = "<group>";
		};
/* End PBXGroup section */

/* Begin PBXNativeTarget section */
		D4186BD41F9C8B5E00204FB1 /* TZTV */ = {
			isa = PBXNativeTarget;
			buildConfigurationList = D4186BEB1F9C8B5E00204FB1 /* Build configuration list for PBXNativeTarget "TZTV" */;
			buildPhases = (
				EBCE9897DF16E815C24DAB09 /* [CP] Check Pods Manifest.lock */,
				D4186BD11F9C8B5E00204FB1 /* Sources */,
				D4186BD21F9C8B5E00204FB1 /* Frameworks */,
				D4186BD31F9C8B5E00204FB1 /* Resources */,
				86E85640428AF811D83037C4 /* [CP] Embed Pods Frameworks */,
				0A069A5AD5D72C6A969D0E85 /* [CP] Copy Pods Resources */,
			);
			buildRules = (
			);
			dependencies = (
			);
			name = TZTV;
			productName = TZTV;
			productReference = D4186BD51F9C8B5E00204FB1 /* TZTV.app */;
			productType = "com.apple.product-type.application";
		};
/* End PBXNativeTarget section */

/* Begin PBXProject section */
		D4186BCD1F9C8B5E00204FB1 /* Project object */ = {
			isa = PBXProject;
			attributes = {
				LastUpgradeCheck = 0900;
				ORGANIZATIONNAME = "杨俊";
				TargetAttributes = {
					D4186BD41F9C8B5E00204FB1 = {
						CreatedOnToolsVersion = 9.0.1;
						ProvisioningStyle = Automatic;
					};
				};
			};
			buildConfigurationList = D4186BD01F9C8B5E00204FB1 /* Build configuration list for PBXProject "TZTV" */;
			compatibilityVersion = "Xcode 8.0";
			developmentRegion = en;
			hasScannedForEncodings = 0;
			knownRegions = (
				en,
				Base,
			);
			mainGroup = D4186BCC1F9C8B5E00204FB1;
			productRefGroup = D4186BD61F9C8B5E00204FB1 /* Products */;
			projectDirPath = "";
			projectRoot = "";
			targets = (
				D4186BD41F9C8B5E00204FB1 /* TZTV */,
			);
		};
/* End PBXProject section */

/* Begin PBXResourcesBuildPhase section */
		D4186BD31F9C8B5E00204FB1 /* Resources */ = {
			isa = PBXResourcesBuildPhase;
			buildActionMask = 2147483647;
			files = (
				D4186C131F9CEC1300204FB1 /* Main.storyboard in Resources */,
				D4186CFF1F9CF16C00204FB1 /* AlipaySDK.bundle in Resources */,
				D4186D061F9CF16C00204FB1 /* README.txt in Resources */,
				D4186BE51F9C8B5E00204FB1 /* LaunchScreen.storyboard in Resources */,
				D4186BE21F9C8B5E00204FB1 /* Assets.xcassets in Resources */,
				D4186D031F9CF16C00204FB1 /* MBProgressHUD.bundle in Resources */,
			);
			runOnlyForDeploymentPostprocessing = 0;
		};
/* End PBXResourcesBuildPhase section */

/* Begin PBXShellScriptBuildPhase section */
		0A069A5AD5D72C6A969D0E85 /* [CP] Copy Pods Resources */ = {
			isa = PBXShellScriptBuildPhase;
			buildActionMask = 2147483647;
			files = (
			);
			inputPaths = (
			);
			name = "[CP] Copy Pods Resources";
			outputPaths = (
			);
			runOnlyForDeploymentPostprocessing = 0;
			shellPath = /bin/sh;
			shellScript = "\"${SRCROOT}/../../Pods/Target Support Files/Pods-Shows-TZTV/Pods-Shows-TZTV-resources.sh\"\n";
			showEnvVarsInLog = 0;
		};
		86E85640428AF811D83037C4 /* [CP] Embed Pods Frameworks */ = {
			isa = PBXShellScriptBuildPhase;
			buildActionMask = 2147483647;
			files = (
			);
			inputPaths = (
			);
			name = "[CP] Embed Pods Frameworks";
			outputPaths = (
			);
			runOnlyForDeploymentPostprocessing = 0;
			shellPath = /bin/sh;
			shellScript = "\"${SRCROOT}/../../Pods/Target Support Files/Pods-Shows-TZTV/Pods-Shows-TZTV-frameworks.sh\"\n";
			showEnvVarsInLog = 0;
		};
		EBCE9897DF16E815C24DAB09 /* [CP] Check Pods Manifest.lock */ = {
			isa = PBXShellScriptBuildPhase;
			buildActionMask = 2147483647;
			files = (
			);
			inputPaths = (
			);
			name = "[CP] Check Pods Manifest.lock";
			outputPaths = (
			);
			runOnlyForDeploymentPostprocessing = 0;
			shellPath = /bin/sh;
			shellScript = "diff \"${PODS_PODFILE_DIR_PATH}/Podfile.lock\" \"${PODS_ROOT}/Manifest.lock\" > /dev/null\nif [ $? != 0 ] ; then\n    # print error to STDERR\n    echo \"error: The sandbox is not in sync with the Podfile.lock. Run 'pod install' or update your CocoaPods installation.\" >&2\n    exit 1\nfi\n";
			showEnvVarsInLog = 0;
		};
/* End PBXShellScriptBuildPhase section */

/* Begin PBXSourcesBuildPhase section */
		D4186BD11F9C8B5E00204FB1 /* Sources */ = {
			isa = PBXSourcesBuildPhase;
			buildActionMask = 2147483647;
			files = (
				D4186F521F9CF4DF00204FB1 /* MeViewController.m in Sources */,
				D4186D041F9CF16C00204FB1 /* MBProgressHUD.m in Sources */,
				D4186D021F9CF16C00204FB1 /* MBProgressHUD+MJ.m in Sources */,
			);
			runOnlyForDeploymentPostprocessing = 0;
		};
/* End PBXSourcesBuildPhase section */

/* Begin PBXVariantGroup section */
		D4186BE31F9C8B5E00204FB1 /* LaunchScreen.storyboard */ = {
			isa = PBXVariantGroup;
			children = (
				D4186BE41F9C8B5E00204FB1 /* Base */,
			);
			name = LaunchScreen.storyboard;
			sourceTree = "<group>";
		};
/* End PBXVariantGroup section */

/* Begin XCBuildConfiguration section */
		D4186BE91F9C8B5E00204FB1 /* Debug */ = {
			isa = XCBuildConfiguration;
			buildSettings = {
				ALWAYS_SEARCH_USER_PATHS = NO;
				CLANG_ANALYZER_NONNULL = YES;
				CLANG_ANALYZER_NUMBER_OBJECT_CONVERSION = YES_AGGRESSIVE;
				CLANG_CXX_LANGUAGE_STANDARD = "gnu++14";
				CLANG_CXX_LIBRARY = "libc++";
				CLANG_ENABLE_MODULES = YES;
				CLANG_ENABLE_OBJC_ARC = YES;
				CLANG_WARN_BLOCK_CAPTURE_AUTORELEASING = YES;
				CLANG_WARN_BOOL_CONVERSION = YES;
				CLANG_WARN_COMMA = YES;
				CLANG_WARN_CONSTANT_CONVERSION = YES;
				CLANG_WARN_DIRECT_OBJC_ISA_USAGE = YES_ERROR;
				CLANG_WARN_DOCUMENTATION_COMMENTS = YES;
				CLANG_WARN_EMPTY_BODY = YES;
				CLANG_WARN_ENUM_CONVERSION = YES;
				CLANG_WARN_INFINITE_RECURSION = YES;
				CLANG_WARN_INT_CONVERSION = YES;
				CLANG_WARN_NON_LITERAL_NULL_CONVERSION = YES;
				CLANG_WARN_OBJC_LITERAL_CONVERSION = YES;
				CLANG_WARN_OBJC_ROOT_CLASS = YES_ERROR;
				CLANG_WARN_RANGE_LOOP_ANALYSIS = YES;
				CLANG_WARN_STRICT_PROTOTYPES = YES;
				CLANG_WARN_SUSPICIOUS_MOVE = YES;
				CLANG_WARN_UNGUARDED_AVAILABILITY = YES_AGGRESSIVE;
				CLANG_WARN_UNREACHABLE_CODE = YES;
				CLANG_WARN__DUPLICATE_METHOD_MATCH = YES;
				CODE_SIGN_IDENTITY = "iPhone Developer";
				COPY_PHASE_STRIP = NO;
				DEBUG_INFORMATION_FORMAT = dwarf;
				ENABLE_STRICT_OBJC_MSGSEND = YES;
				ENABLE_TESTABILITY = YES;
				GCC_C_LANGUAGE_STANDARD = gnu11;
				GCC_DYNAMIC_NO_PIC = NO;
				GCC_NO_COMMON_BLOCKS = YES;
				GCC_OPTIMIZATION_LEVEL = 0;
				GCC_PREPROCESSOR_DEFINITIONS = (
					"DEBUG=1",
					"$(inherited)",
				);
				GCC_WARN_64_TO_32_BIT_CONVERSION = YES;
				GCC_WARN_ABOUT_RETURN_TYPE = YES_ERROR;
				GCC_WARN_UNDECLARED_SELECTOR = YES;
				GCC_WARN_UNINITIALIZED_AUTOS = YES_AGGRESSIVE;
				GCC_WARN_UNUSED_FUNCTION = YES;
				GCC_WARN_UNUSED_VARIABLE = YES;
				IPHONEOS_DEPLOYMENT_TARGET = 11.0;
				MTL_ENABLE_DEBUG_INFO = YES;
				ONLY_ACTIVE_ARCH = YES;
				SDKROOT = iphoneos;
			};
			name = Debug;
		};
		D4186BEA1F9C8B5E00204FB1 /* Release */ = {
			isa = XCBuildConfiguration;
			buildSettings = {
				ALWAYS_SEARCH_USER_PATHS = NO;
				CLANG_ANALYZER_NONNULL = YES;
				CLANG_ANALYZER_NUMBER_OBJECT_CONVERSION = YES_AGGRESSIVE;
				CLANG_CXX_LANGUAGE_STANDARD = "gnu++14";
				CLANG_CXX_LIBRARY = "libc++";
				CLANG_ENABLE_MODULES = YES;
				CLANG_ENABLE_OBJC_ARC = YES;
				CLANG_WARN_BLOCK_CAPTURE_AUTORELEASING = YES;
				CLANG_WARN_BOOL_CONVERSION = YES;
				CLANG_WARN_COMMA = YES;
				CLANG_WARN_CONSTANT_CONVERSION = YES;
				CLANG_WARN_DIRECT_OBJC_ISA_USAGE = YES_ERROR;
				CLANG_WARN_DOCUMENTATION_COMMENTS = YES;
				CLANG_WARN_EMPTY_BODY = YES;
				CLANG_WARN_ENUM_CONVERSION = YES;
				CLANG_WARN_INFINITE_RECURSION = YES;
				CLANG_WARN_INT_CONVERSION = YES;
				CLANG_WARN_NON_LITERAL_NULL_CONVERSION = YES;
				CLANG_WARN_OBJC_LITERAL_CONVERSION = YES;
				CLANG_WARN_OBJC_ROOT_CLASS = YES_ERROR;
				CLANG_WARN_RANGE_LOOP_ANALYSIS = YES;
				CLANG_WARN_STRICT_PROTOTYPES = YES;
				CLANG_WARN_SUSPICIOUS_MOVE = YES;
				CLANG_WARN_UNGUARDED_AVAILABILITY = YES_AGGRESSIVE;
				CLANG_WARN_UNREACHABLE_CODE = YES;
				CLANG_WARN__DUPLICATE_METHOD_MATCH = YES;
				CODE_SIGN_IDENTITY = "iPhone Developer";
				COPY_PHASE_STRIP = NO;
				DEBUG_INFORMATION_FORMAT = "dwarf-with-dsym";
				ENABLE_NS_ASSERTIONS = NO;
				ENABLE_STRICT_OBJC_MSGSEND = YES;
				GCC_C_LANGUAGE_STANDARD = gnu11;
				GCC_NO_COMMON_BLOCKS = YES;
				GCC_WARN_64_TO_32_BIT_CONVERSION = YES;
				GCC_WARN_ABOUT_RETURN_TYPE = YES_ERROR;
				GCC_WARN_UNDECLARED_SELECTOR = YES;
				GCC_WARN_UNINITIALIZED_AUTOS = YES_AGGRESSIVE;
				GCC_WARN_UNUSED_FUNCTION = YES;
				GCC_WARN_UNUSED_VARIABLE = YES;
				IPHONEOS_DEPLOYMENT_TARGET = 11.0;
				MTL_ENABLE_DEBUG_INFO = NO;
				SDKROOT = iphoneos;
				VALIDATE_PRODUCT = YES;
			};
			name = Release;
		};
		D4186BEC1F9C8B5E00204FB1 /* Debug */ = {
			isa = XCBuildConfiguration;
			baseConfigurationReference = B53756C2D09A43414270FF97 /* Pods-Shows-TZTV.debug.xcconfig */;
			buildSettings = {
				ASSETCATALOG_COMPILER_APPICON_NAME = AppIcon;
				CODE_SIGN_STYLE = Automatic;
				DEVELOPMENT_TEAM = ZDFCSFGVYR;
				FRAMEWORK_SEARCH_PATHS = (
					"$(inherited)",
					"$(PROJECT_DIR)/TZTV/ThirdPart/AliPay",
				);
				GCC_PREFIX_HEADER = $SRCROOT/TZTV/PrefixHeader.pch;
				HEADER_SEARCH_PATHS = (
					"$(inherited)",
					"\"${PODS_ROOT}/Headers/Public\"",
					"\"${PODS_ROOT}/Headers/Public/AFNetworking\"",
					"\"${PODS_ROOT}/Headers/Public/BlocksKit\"",
					"\"${PODS_ROOT}/Headers/Public/DateTools\"",
					"\"${PODS_ROOT}/Headers/Public/FLAnimatedImage\"",
					"\"${PODS_ROOT}/Headers/Public/KILabel\"",
					"\"${PODS_ROOT}/Headers/Public/MBProgressHUD\"",
					"\"${PODS_ROOT}/Headers/Public/MJExtension\"",
					"\"${PODS_ROOT}/Headers/Public/MJRefresh\"",
					"\"${PODS_ROOT}/Headers/Public/Masonry\"",
					"\"${PODS_ROOT}/Headers/Public/PureLayout\"",
					"\"${PODS_ROOT}/Headers/Public/ReactiveCocoa\"",
					"\"${PODS_ROOT}/Headers/Public/RegexKitLite\"",
					"\"${PODS_ROOT}/Headers/Public/SDWebImage\"",
					"\"${PODS_ROOT}/Headers/Public/SVProgressHUD\"",
					"\"${PODS_ROOT}/Headers/Public/Toast\"",
					"\"${PODS_ROOT}/Headers/Public/YYText\"",
					"$SRCROOT/../Common/Common/**",
				);
				INFOPLIST_FILE = TZTV/Info.plist;
				LD_RUNPATH_SEARCH_PATHS = "$(inherited) @executable_path/Frameworks";
				LIBRARY_SEARCH_PATHS = (
					"$(inherited)",
					"$(PROJECT_DIR)/TZTV/ThirdPart/JhtFloatingBallSDK",
					"$(PROJECT_DIR)/TZTV/ThirdPart/weixinPay",
				);
				PRODUCT_BUNDLE_IDENTIFIER = com.mukong.TZTV.TZTV;
				PRODUCT_NAME = "$(TARGET_NAME)";
				TARGETED_DEVICE_FAMILY = "1,2";
			};
			name = Debug;
		};
		D4186BED1F9C8B5E00204FB1 /* Release */ = {
			isa = XCBuildConfiguration;
			baseConfigurationReference = 5E974619B774DE7453B4E879 /* Pods-Shows-TZTV.release.xcconfig */;
			buildSettings = {
				ASSETCATALOG_COMPILER_APPICON_NAME = AppIcon;
				CODE_SIGN_STYLE = Automatic;
				DEVELOPMENT_TEAM = ZDFCSFGVYR;
				FRAMEWORK_SEARCH_PATHS = (
					"$(inherited)",
					"$(PROJECT_DIR)/TZTV/ThirdPart/AliPay",
				);
				GCC_PREFIX_HEADER = $SRCROOT/TZTV/PrefixHeader.pch;
				HEADER_SEARCH_PATHS = (
					"$(inherited)",
					"\"${PODS_ROOT}/Headers/Public\"",
					"\"${PODS_ROOT}/Headers/Public/AFNetworking\"",
					"\"${PODS_ROOT}/Headers/Public/BlocksKit\"",
					"\"${PODS_ROOT}/Headers/Public/DateTools\"",
					"\"${PODS_ROOT}/Headers/Public/FLAnimatedImage\"",
					"\"${PODS_ROOT}/Headers/Public/KILabel\"",
					"\"${PODS_ROOT}/Headers/Public/MBProgressHUD\"",
					"\"${PODS_ROOT}/Headers/Public/MJExtension\"",
					"\"${PODS_ROOT}/Headers/Public/MJRefresh\"",
					"\"${PODS_ROOT}/Headers/Public/Masonry\"",
					"\"${PODS_ROOT}/Headers/Public/PureLayout\"",
					"\"${PODS_ROOT}/Headers/Public/ReactiveCocoa\"",
					"\"${PODS_ROOT}/Headers/Public/RegexKitLite\"",
					"\"${PODS_ROOT}/Headers/Public/SDWebImage\"",
					"\"${PODS_ROOT}/Headers/Public/SVProgressHUD\"",
					"\"${PODS_ROOT}/Headers/Public/Toast\"",
					"\"${PODS_ROOT}/Headers/Public/YYText\"",
					"$SRCROOT/../Common/Common/**",
				);
				INFOPLIST_FILE = TZTV/Info.plist;
				LD_RUNPATH_SEARCH_PATHS = "$(inherited) @executable_path/Frameworks";
				LIBRARY_SEARCH_PATHS = (
					"$(inherited)",
					"$(PROJECT_DIR)/TZTV/ThirdPart/JhtFloatingBallSDK",
					"$(PROJECT_DIR)/TZTV/ThirdPart/weixinPay",
				);
				PRODUCT_BUNDLE_IDENTIFIER = com.mukong.TZTV.TZTV;
				PRODUCT_NAME = "$(TARGET_NAME)";
				TARGETED_DEVICE_FAMILY = "1,2";
			};
			name = Release;
		};
/* End XCBuildConfiguration section */

/* Begin XCConfigurationList section */
		D4186BD01F9C8B5E00204FB1 /* Build configuration list for PBXProject "TZTV" */ = {
			isa = XCConfigurationList;
			buildConfigurations = (
				D4186BE91F9C8B5E00204FB1 /* Debug */,
				D4186BEA1F9C8B5E00204FB1 /* Release */,
			);
			defaultConfigurationIsVisible = 0;
			defaultConfigurationName = Release;
		};
		D4186BEB1F9C8B5E00204FB1 /* Build configuration list for PBXNativeTarget "TZTV" */ = {
			isa = XCConfigurationList;
			buildConfigurations = (
				D4186BEC1F9C8B5E00204FB1 /* Debug */,
				D4186BED1F9C8B5E00204FB1 /* Release */,
			);
			defaultConfigurationIsVisible = 0;
			defaultConfigurationName = Release;
		};
/* End XCConfigurationList section */
	};
	rootObject = D4186BCD1F9C8B5E00204FB1 /* Project object */;
}
