// !$*UTF8*$!
{
	archiveVersion = 1;
	classes = {
	};
	objectVersion = 46;
	objects = {

/* Begin PBXBuildFile section */
		F5A3CFA61F4528BE000D2F7B /* OTSValueObject.m in Sources */ = {isa = PBXBuildFile; fileRef = F5A3CFA51F4528BE000D2F7B /* OTSValueObject.m */; };
		F5A3D0061F4533DE000D2F7B /* OTSGlobalValue.m in Sources */ = {isa = PBXBuildFile; fileRef = F5A3D0051F4533DE000D2F7B /* OTSGlobalValue.m */; };
/* End PBXBuildFile section */

/* Begin PBXCopyFilesBuildPhase section */
		F5A3CF8F1F45285E000D2F7B /* CopyFiles */ = {
			isa = PBXCopyFilesBuildPhase;
			buildActionMask = 2147483647;
			dstPath = "include/$(PRODUCT_NAME)";
			dstSubfolderSpec = 16;
			files = (
			);
			runOnlyForDeploymentPostprocessing = 0;
		};
/* End PBXCopyFilesBuildPhase section */

/* Begin PBXFileReference section */
		F5A3CF911F45285E000D2F7B /* libOneStoreBase.a */ = {isa = PBXFileReference; explicitFileType = archive.ar; includeInIndex = 0; path = libOneStoreBase.a; sourceTree = BUILT_PRODUCTS_DIR; };
		F5A3CFA41F4528BE000D2F7B /* OTSValueObject.h */ = {isa = PBXFileReference; fileEncoding = 4; lastKnownFileType = sourcecode.c.h; path = OTSValueObject.h; sourceTree = "<group>"; };
		F5A3CFA51F4528BE000D2F7B /* OTSValueObject.m */ = {isa = PBXFileReference; fileEncoding = 4; lastKnownFileType = sourcecode.c.objc; path = OTSValueObject.m; sourceTree = "<group>"; };
		F5A3CFAD1F452A85000D2F7B /* OTSBlock.h */ = {isa = PBXFileReference; fileEncoding = 4; lastKnownFileType = sourcecode.c.h; path = OTSBlock.h; sourceTree = "<group>"; };
		F5A3CFAE1F452A85000D2F7B /* OTSConst.h */ = {isa = PBXFileReference; fileEncoding = 4; lastKnownFileType = sourcecode.c.h; path = OTSConst.h; sourceTree = "<group>"; };
		F5A3CFAF1F452A85000D2F7B /* OTSEnum.h */ = {isa = PBXFileReference; fileEncoding = 4; lastKnownFileType = sourcecode.c.h; path = OTSEnum.h; sourceTree = "<group>"; };
		F5A3CFB01F452A85000D2F7B /* OTSMacroDefine.h */ = {isa = PBXFileReference; fileEncoding = 4; lastKnownFileType = sourcecode.c.h; path = OTSMacroDefine.h; sourceTree = "<group>"; };
		F5A3CFB11F452A85000D2F7B /* OTSUserDefaultDefine.h */ = {isa = PBXFileReference; fileEncoding = 4; lastKnownFileType = sourcecode.c.h; path = OTSUserDefaultDefine.h; sourceTree = "<group>"; };
		F5A3D0041F4533DE000D2F7B /* OTSGlobalValue.h */ = {isa = PBXFileReference; fileEncoding = 4; lastKnownFileType = sourcecode.c.h; path = OTSGlobalValue.h; sourceTree = "<group>"; };
		F5A3D0051F4533DE000D2F7B /* OTSGlobalValue.m */ = {isa = PBXFileReference; fileEncoding = 4; lastKnownFileType = sourcecode.c.objc; path = OTSGlobalValue.m; sourceTree = "<group>"; };
/* End PBXFileReference section */

/* Begin PBXFrameworksBuildPhase section */
		F5A3CF8E1F45285E000D2F7B /* Frameworks */ = {
			isa = PBXFrameworksBuildPhase;
			buildActionMask = 2147483647;
			files = (
			);
			runOnlyForDeploymentPostprocessing = 0;
		};
/* End PBXFrameworksBuildPhase section */

/* Begin PBXGroup section */
		F5A3CF881F45285E000D2F7B = {
			isa = PBXGroup;
			children = (
				F5A3CF931F45285E000D2F7B /* OneStoreBase */,
				F5A3CF921F45285E000D2F7B /* Products */,
			);
			sourceTree = "<group>";
		};
		F5A3CF921F45285E000D2F7B /* Products */ = {
			isa = PBXGroup;
			children = (
				F5A3CF911F45285E000D2F7B /* libOneStoreBase.a */,
			);
			name = Products;
			sourceTree = "<group>";
		};
		F5A3CF931F45285E000D2F7B /* OneStoreBase */ = {
			isa = PBXGroup;
			children = (
				F5A3CFAC1F452A85000D2F7B /* Header */,
				F5A3CFA31F45289D000D2F7B /* Objects */,
			);
			path = OneStoreBase;
			sourceTree = "<group>";
		};
		F5A3CFA31F45289D000D2F7B /* Objects */ = {
			isa = PBXGroup;
			children = (
				F5A3D0041F4533DE000D2F7B /* OTSGlobalValue.h */,
				F5A3D0051F4533DE000D2F7B /* OTSGlobalValue.m */,
				F5A3CFA41F4528BE000D2F7B /* OTSValueObject.h */,
				F5A3CFA51F4528BE000D2F7B /* OTSValueObject.m */,
			);
			path = Objects;
			sourceTree = "<group>";
		};
		F5A3CFAC1F452A85000D2F7B /* Header */ = {
			isa = PBXGroup;
			children = (
				F5A3CFAD1F452A85000D2F7B /* OTSBlock.h */,
				F5A3CFAE1F452A85000D2F7B /* OTSConst.h */,
				F5A3CFAF1F452A85000D2F7B /* OTSEnum.h */,
				F5A3CFB01F452A85000D2F7B /* OTSMacroDefine.h */,
				F5A3CFB11F452A85000D2F7B /* OTSUserDefaultDefine.h */,
			);
			path = Header;
			sourceTree = "<group>";
		};
/* End PBXGroup section */

/* Begin PBXNativeTarget section */
		F5A3CF901F45285E000D2F7B /* OneStoreBase */ = {
			isa = PBXNativeTarget;
			buildConfigurationList = F5A3CF9A1F45285E000D2F7B /* Build configuration list for PBXNativeTarget "OneStoreBase" */;
			buildPhases = (
				F5A3CF8D1F45285E000D2F7B /* Sources */,
				F5A3CF8E1F45285E000D2F7B /* Frameworks */,
				F5A3CF8F1F45285E000D2F7B /* CopyFiles */,
			);
			buildRules = (
			);
			dependencies = (
			);
			name = OneStoreBase;
			productName = OneStoreBase;
			productReference = F5A3CF911F45285E000D2F7B /* libOneStoreBase.a */;
			productType = "com.apple.product-type.library.static";
		};
/* End PBXNativeTarget section */

/* Begin PBXProject section */
		F5A3CF891F45285E000D2F7B /* Project object */ = {
			isa = PBXProject;
			attributes = {
				LastUpgradeCheck = 0830;
				ORGANIZATIONNAME = "Lenovo-Apple";
				TargetAttributes = {
					F5A3CF901F45285E000D2F7B = {
						CreatedOnToolsVersion = 8.3.3;
						ProvisioningStyle = Automatic;
					};
				};
			};
			buildConfigurationList = F5A3CF8C1F45285E000D2F7B /* Build configuration list for PBXProject "OneStoreBase" */;
			compatibilityVersion = "Xcode 3.2";
			developmentRegion = English;
			hasScannedForEncodings = 0;
			knownRegions = (
				en,
			);
			mainGroup = F5A3CF881F45285E000D2F7B;
			productRefGroup = F5A3CF921F45285E000D2F7B /* Products */;
			projectDirPath = "";
			projectRoot = "";
			targets = (
				F5A3CF901F45285E000D2F7B /* OneStoreBase */,
			);
		};
/* End PBXProject section */

/* Begin PBXSourcesBuildPhase section */
		F5A3CF8D1F45285E000D2F7B /* Sources */ = {
			isa = PBXSourcesBuildPhase;
			buildActionMask = 2147483647;
			files = (
				F5A3CFA61F4528BE000D2F7B /* OTSValueObject.m in Sources */,
				F5A3D0061F4533DE000D2F7B /* OTSGlobalValue.m in Sources */,
			);
			runOnlyForDeploymentPostprocessing = 0;
		};
/* End PBXSourcesBuildPhase section */

/* Begin XCBuildConfiguration section */
		F5A3CF981F45285E000D2F7B /* Debug */ = {
			isa = XCBuildConfiguration;
			buildSettings = {
				ALWAYS_SEARCH_USER_PATHS = NO;
				CLANG_ANALYZER_NONNULL = YES;
				CLANG_ANALYZER_NUMBER_OBJECT_CONVERSION = YES_AGGRESSIVE;
				CLANG_CXX_LANGUAGE_STANDARD = "gnu++0x";
				CLANG_CXX_LIBRARY = "libc++";
				CLANG_ENABLE_MODULES = YES;
				CLANG_ENABLE_OBJC_ARC = YES;
				CLANG_WARN_BOOL_CONVERSION = YES;
				CLANG_WARN_CONSTANT_CONVERSION = YES;
				CLANG_WARN_DIRECT_OBJC_ISA_USAGE = YES_ERROR;
				CLANG_WARN_DOCUMENTATION_COMMENTS = YES;
				CLANG_WARN_EMPTY_BODY = YES;
				CLANG_WARN_ENUM_CONVERSION = YES;
				CLANG_WARN_INFINITE_RECURSION = YES;
				CLANG_WARN_INT_CONVERSION = YES;
				CLANG_WARN_OBJC_ROOT_CLASS = YES_ERROR;
				CLANG_WARN_SUSPICIOUS_MOVE = YES;
				CLANG_WARN_UNREACHABLE_CODE = YES;
				CLANG_WARN__DUPLICATE_METHOD_MATCH = YES;
				"CODE_SIGN_IDENTITY[sdk=iphoneos*]" = "iPhone Developer";
				COPY_PHASE_STRIP = NO;
				DEBUG_INFORMATION_FORMAT = dwarf;
				ENABLE_STRICT_OBJC_MSGSEND = YES;
				ENABLE_TESTABILITY = YES;
				GCC_C_LANGUAGE_STANDARD = gnu99;
				GCC_DYNAMIC_NO_PIC = NO;
				GCC_NO_COMMON_BLOCKS = YES;
				GCC_OPTIMIZATION_LEVEL = 0;
				GCC_PREPROCESSOR_DEFINITIONS = (
					"DEBUG=1",
					"$(inherited)",
				);
				GCC_WARN_64_TO_32_BIT_CONVERSION = YES;
				GCC_WARN_ABOUT_RETURN_TYPE = YES_ERROR;
				GCC_WARN_UNDECLARED_SELECTOR = YES;
				GCC_WARN_UNINITIALIZED_AUTOS = YES_AGGRESSIVE;
				GCC_WARN_UNUSED_FUNCTION = YES;
				GCC_WARN_UNUSED_VARIABLE = YES;
				IPHONEOS_DEPLOYMENT_TARGET = 10.3;
				MTL_ENABLE_DEBUG_INFO = YES;
				ONLY_ACTIVE_ARCH = YES;
				SDKROOT = iphoneos;
			};
			name = Debug;
		};
		F5A3CF991F45285E000D2F7B /* Release */ = {
			isa = XCBuildConfiguration;
			buildSettings = {
				ALWAYS_SEARCH_USER_PATHS = NO;
				CLANG_ANALYZER_NONNULL = YES;
				CLANG_ANALYZER_NUMBER_OBJECT_CONVERSION = YES_AGGRESSIVE;
				CLANG_CXX_LANGUAGE_STANDARD = "gnu++0x";
				CLANG_CXX_LIBRARY = "libc++";
				CLANG_ENABLE_MODULES = YES;
				CLANG_ENABLE_OBJC_ARC = YES;
				CLANG_WARN_BOOL_CONVERSION = YES;
				CLANG_WARN_CONSTANT_CONVERSION = YES;
				CLANG_WARN_DIRECT_OBJC_ISA_USAGE = YES_ERROR;
				CLANG_WARN_DOCUMENTATION_COMMENTS = YES;
				CLANG_WARN_EMPTY_BODY = YES;
				CLANG_WARN_ENUM_CONVERSION = YES;
				CLANG_WARN_INFINITE_RECURSION = YES;
				CLANG_WARN_INT_CONVERSION = YES;
				CLANG_WARN_OBJC_ROOT_CLASS = YES_ERROR;
				CLANG_WARN_SUSPICIOUS_MOVE = YES;
				CLANG_WARN_UNREACHABLE_CODE = YES;
				CLANG_WARN__DUPLICATE_METHOD_MATCH = YES;
				"CODE_SIGN_IDENTITY[sdk=iphoneos*]" = "iPhone Developer";
				COPY_PHASE_STRIP = NO;
				DEBUG_INFORMATION_FORMAT = "dwarf-with-dsym";
				ENABLE_NS_ASSERTIONS = NO;
				ENABLE_STRICT_OBJC_MSGSEND = YES;
				GCC_C_LANGUAGE_STANDARD = gnu99;
				GCC_NO_COMMON_BLOCKS = YES;
				GCC_WARN_64_TO_32_BIT_CONVERSION = YES;
				GCC_WARN_ABOUT_RETURN_TYPE = YES_ERROR;
				GCC_WARN_UNDECLARED_SELECTOR = YES;
				GCC_WARN_UNINITIALIZED_AUTOS = YES_AGGRESSIVE;
				GCC_WARN_UNUSED_FUNCTION = YES;
				GCC_WARN_UNUSED_VARIABLE = YES;
				IPHONEOS_DEPLOYMENT_TARGET = 10.3;
				MTL_ENABLE_DEBUG_INFO = NO;
				SDKROOT = iphoneos;
				VALIDATE_PRODUCT = YES;
			};
			name = Release;
		};
		F5A3CF9B1F45285E000D2F7B /* Debug */ = {
			isa = XCBuildConfiguration;
			buildSettings = {
				HEADER_SEARCH_PATHS = (
					"\"$(SRCROOT)/../../../../../Pods/Headers\"/**",
					"\"$(SRCROOT)/../../../../Common/Common\"/**",
					"\"$(SRCROOT)\"/**",
					"\"$(SRCROOT)/../../Tools\"/**",
				);
				OTHER_LDFLAGS = "-ObjC";
				PRODUCT_NAME = "$(TARGET_NAME)";
				SKIP_INSTALL = YES;
			};
			name = Debug;
		};
		F5A3CF9C1F45285E000D2F7B /* Release */ = {
			isa = XCBuildConfiguration;
			buildSettings = {
				HEADER_SEARCH_PATHS = (
					"\"$(SRCROOT)/../../../../../Pods/Headers\"/**",
					"\"$(SRCROOT)/../../../../Common/Common\"/**",
					"\"$(SRCROOT)\"/**",
					"\"$(SRCROOT)/../../Tools\"/**",
				);
				OTHER_LDFLAGS = "-ObjC";
				PRODUCT_NAME = "$(TARGET_NAME)";
				SKIP_INSTALL = YES;
			};
			name = Release;
		};
/* End XCBuildConfiguration section */

/* Begin XCConfigurationList section */
		F5A3CF8C1F45285E000D2F7B /* Build configuration list for PBXProject "OneStoreBase" */ = {
			isa = XCConfigurationList;
			buildConfigurations = (
				F5A3CF981F45285E000D2F7B /* Debug */,
				F5A3CF991F45285E000D2F7B /* Release */,
			);
			defaultConfigurationIsVisible = 0;
			defaultConfigurationName = Release;
		};
		F5A3CF9A1F45285E000D2F7B /* Build configuration list for PBXNativeTarget "OneStoreBase" */ = {
			isa = XCConfigurationList;
			buildConfigurations = (
				F5A3CF9B1F45285E000D2F7B /* Debug */,
				F5A3CF9C1F45285E000D2F7B /* Release */,
			);
			defaultConfigurationIsVisible = 0;
			defaultConfigurationName = Release;
		};
/* End XCConfigurationList section */
	};
	rootObject = F5A3CF891F45285E000D2F7B /* Project object */;
}
