// !$*UTF8*$!
{
	archiveVersion = 1;
	classes = {
	};
	objectVersion = 46;
	objects = {

/* Begin PBXBuildFile section */
		330BBAC9F0F5B1E9881A991B /* libPods-Shows-Demos.a in Frameworks */ = {isa = PBXBuildFile; fileRef = 311B57FAF1A936C09B5C1272 /* libPods-Shows-Demos.a */; };
		F5070AA61F2ACE31002C0ADF /* main.m in Sources */ = {isa = PBXBuildFile; fileRef = F5070AA51F2ACE31002C0ADF /* main.m */; };
		F5070AA91F2ACE31002C0ADF /* AppDelegate.m in Sources */ = {isa = PBXBuildFile; fileRef = F5070AA81F2ACE31002C0ADF /* AppDelegate.m */; };
		F5070AAC1F2ACE31002C0ADF /* ViewController.m in Sources */ = {isa = PBXBuildFile; fileRef = F5070AAB1F2ACE31002C0ADF /* ViewController.m */; };
		F5070AAF1F2ACE31002C0ADF /* Main.storyboard in Resources */ = {isa = PBXBuildFile; fileRef = F5070AAD1F2ACE31002C0ADF /* Main.storyboard */; };
		F5070AB11F2ACE31002C0ADF /* Assets.xcassets in Resources */ = {isa = PBXBuildFile; fileRef = F5070AB01F2ACE31002C0ADF /* Assets.xcassets */; };
		F5070AB41F2ACE31002C0ADF /* LaunchScreen.storyboard in Resources */ = {isa = PBXBuildFile; fileRef = F5070AB21F2ACE31002C0ADF /* LaunchScreen.storyboard */; };
		F5070ABE1F2ACECA002C0ADF /* GCDTestVC.m in Sources */ = {isa = PBXBuildFile; fileRef = F5070ABD1F2ACECA002C0ADF /* GCDTestVC.m */; };
		F5070AC11F2ADEB9002C0ADF /* NSOperationTestVC.m in Sources */ = {isa = PBXBuildFile; fileRef = F5070AC01F2ADEB9002C0ADF /* NSOperationTestVC.m */; };
		F5070AC41F2ADF7C002C0ADF /* DownloadOperation.m in Sources */ = {isa = PBXBuildFile; fileRef = F5070AC31F2ADF7C002C0ADF /* DownloadOperation.m */; };
		F52C01711F8F6463005C6FF0 /* ZoomViewController.m in Sources */ = {isa = PBXBuildFile; fileRef = F52C01701F8F6463005C6FF0 /* ZoomViewController.m */; };
		F52C01741F8F6914005C6FF0 /* TableViewController.m in Sources */ = {isa = PBXBuildFile; fileRef = F52C01731F8F6914005C6FF0 /* TableViewController.m */; };
		F53700931FA703E000E055F3 /* JavaScriptCoreVC.m in Sources */ = {isa = PBXBuildFile; fileRef = F53700921FA703E000E055F3 /* JavaScriptCoreVC.m */; };
		F53700961FA7073200E055F3 /* SaveImage_Util.m in Sources */ = {isa = PBXBuildFile; fileRef = F53700951FA7073200E055F3 /* SaveImage_Util.m */; };
		F53700981FA708EB00E055F3 /* index.html in Resources */ = {isa = PBXBuildFile; fileRef = F53700971FA708EB00E055F3 /* index.html */; };
		F5E8391F1F3C54A200B2E2A7 /* RACViewController.m in Sources */ = {isa = PBXBuildFile; fileRef = F5E8391E1F3C54A200B2E2A7 /* RACViewController.m */; };
		F5E839221F3C54B600B2E2A7 /* RACSecondViewController.m in Sources */ = {isa = PBXBuildFile; fileRef = F5E839211F3C54B600B2E2A7 /* RACSecondViewController.m */; };
		F5F2B2AE1FAC3CCE004E5260 /* YJDownloadManager.m in Sources */ = {isa = PBXBuildFile; fileRef = F5F2B2AD1FAC3CCE004E5260 /* YJDownloadManager.m */; };
		F5F2B2B21FAC3CFA004E5260 /* YJDownloadInfo.m in Sources */ = {isa = PBXBuildFile; fileRef = F5F2B2B11FAC3CFA004E5260 /* YJDownloadInfo.m */; };
		F5FA078D1F3AE4B90048954F /* libCommon.a in Frameworks */ = {isa = PBXBuildFile; fileRef = F5FA078C1F3AE4B90048954F /* libCommon.a */; };
/* End PBXBuildFile section */

/* Begin PBXFileReference section */
		311B57FAF1A936C09B5C1272 /* libPods-Shows-Demos.a */ = {isa = PBXFileReference; explicitFileType = archive.ar; includeInIndex = 0; path = "libPods-Shows-Demos.a"; sourceTree = BUILT_PRODUCTS_DIR; };
		6E28065135F411A8DAA3E8D4 /* Pods-Shows-Demos.debug.xcconfig */ = {isa = PBXFileReference; includeInIndex = 1; lastKnownFileType = text.xcconfig; name = "Pods-Shows-Demos.debug.xcconfig"; path = "../../Pods/Target Support Files/Pods-Shows-Demos/Pods-Shows-Demos.debug.xcconfig"; sourceTree = "<group>"; };
		C3ACDF2B7326142883D1BD47 /* Pods-Shows-Demos.release.xcconfig */ = {isa = PBXFileReference; includeInIndex = 1; lastKnownFileType = text.xcconfig; name = "Pods-Shows-Demos.release.xcconfig"; path = "../../Pods/Target Support Files/Pods-Shows-Demos/Pods-Shows-Demos.release.xcconfig"; sourceTree = "<group>"; };
		F5070AA11F2ACE31002C0ADF /* Demos.app */ = {isa = PBXFileReference; explicitFileType = wrapper.application; includeInIndex = 0; path = Demos.app; sourceTree = BUILT_PRODUCTS_DIR; };
		F5070AA51F2ACE31002C0ADF /* main.m */ = {isa = PBXFileReference; lastKnownFileType = sourcecode.c.objc; path = main.m; sourceTree = "<group>"; };
		F5070AA71F2ACE31002C0ADF /* AppDelegate.h */ = {isa = PBXFileReference; lastKnownFileType = sourcecode.c.h; path = AppDelegate.h; sourceTree = "<group>"; };
		F5070AA81F2ACE31002C0ADF /* AppDelegate.m */ = {isa = PBXFileReference; lastKnownFileType = sourcecode.c.objc; path = AppDelegate.m; sourceTree = "<group>"; };
		F5070AAA1F2ACE31002C0ADF /* ViewController.h */ = {isa = PBXFileReference; lastKnownFileType = sourcecode.c.h; path = ViewController.h; sourceTree = "<group>"; };
		F5070AAB1F2ACE31002C0ADF /* ViewController.m */ = {isa = PBXFileReference; lastKnownFileType = sourcecode.c.objc; path = ViewController.m; sourceTree = "<group>"; };
		F5070AAE1F2ACE31002C0ADF /* Base */ = {isa = PBXFileReference; lastKnownFileType = file.storyboard; name = Base; path = Base.lproj/Main.storyboard; sourceTree = "<group>"; };
		F5070AB01F2ACE31002C0ADF /* Assets.xcassets */ = {isa = PBXFileReference; lastKnownFileType = folder.assetcatalog; path = Assets.xcassets; sourceTree = "<group>"; };
		F5070AB31F2ACE31002C0ADF /* Base */ = {isa = PBXFileReference; lastKnownFileType = file.storyboard; name = Base; path = Base.lproj/LaunchScreen.storyboard; sourceTree = "<group>"; };
		F5070AB51F2ACE31002C0ADF /* Info.plist */ = {isa = PBXFileReference; lastKnownFileType = text.plist.xml; path = Info.plist; sourceTree = "<group>"; };
		F5070ABC1F2ACECA002C0ADF /* GCDTestVC.h */ = {isa = PBXFileReference; fileEncoding = 4; lastKnownFileType = sourcecode.c.h; path = GCDTestVC.h; sourceTree = "<group>"; };
		F5070ABD1F2ACECA002C0ADF /* GCDTestVC.m */ = {isa = PBXFileReference; fileEncoding = 4; lastKnownFileType = sourcecode.c.objc; path = GCDTestVC.m; sourceTree = "<group>"; };
		F5070ABF1F2ADEB9002C0ADF /* NSOperationTestVC.h */ = {isa = PBXFileReference; fileEncoding = 4; lastKnownFileType = sourcecode.c.h; path = NSOperationTestVC.h; sourceTree = "<group>"; };
		F5070AC01F2ADEB9002C0ADF /* NSOperationTestVC.m */ = {isa = PBXFileReference; fileEncoding = 4; lastKnownFileType = sourcecode.c.objc; path = NSOperationTestVC.m; sourceTree = "<group>"; };
		F5070AC21F2ADF7C002C0ADF /* DownloadOperation.h */ = {isa = PBXFileReference; fileEncoding = 4; lastKnownFileType = sourcecode.c.h; path = DownloadOperation.h; sourceTree = "<group>"; };
		F5070AC31F2ADF7C002C0ADF /* DownloadOperation.m */ = {isa = PBXFileReference; fileEncoding = 4; lastKnownFileType = sourcecode.c.objc; path = DownloadOperation.m; sourceTree = "<group>"; };
		F52C016B1F8F60CB005C6FF0 /* UIImagePickerVC.h */ = {isa = PBXFileReference; lastKnownFileType = sourcecode.c.h; path = UIImagePickerVC.h; sourceTree = "<group>"; };
		F52C016C1F8F60CB005C6FF0 /* UIImagePickerVC.m */ = {isa = PBXFileReference; lastKnownFileType = sourcecode.c.objc; path = UIImagePickerVC.m; sourceTree = "<group>"; };
		F52C016D1F8F60CB005C6FF0 /* UIImagePickerVC.xib */ = {isa = PBXFileReference; lastKnownFileType = file.xib; path = UIImagePickerVC.xib; sourceTree = "<group>"; };
		F52C016F1F8F6463005C6FF0 /* ZoomViewController.h */ = {isa = PBXFileReference; lastKnownFileType = sourcecode.c.h; path = ZoomViewController.h; sourceTree = "<group>"; };
		F52C01701F8F6463005C6FF0 /* ZoomViewController.m */ = {isa = PBXFileReference; lastKnownFileType = sourcecode.c.objc; path = ZoomViewController.m; sourceTree = "<group>"; };
		F52C01721F8F6914005C6FF0 /* TableViewController.h */ = {isa = PBXFileReference; lastKnownFileType = sourcecode.c.h; path = TableViewController.h; sourceTree = "<group>"; };
		F52C01731F8F6914005C6FF0 /* TableViewController.m */ = {isa = PBXFileReference; lastKnownFileType = sourcecode.c.objc; path = TableViewController.m; sourceTree = "<group>"; };
		F53700911FA703E000E055F3 /* JavaScriptCoreVC.h */ = {isa = PBXFileReference; lastKnownFileType = sourcecode.c.h; path = JavaScriptCoreVC.h; sourceTree = "<group>"; };
		F53700921FA703E000E055F3 /* JavaScriptCoreVC.m */ = {isa = PBXFileReference; lastKnownFileType = sourcecode.c.objc; path = JavaScriptCoreVC.m; sourceTree = "<group>"; };
		F53700941FA7073200E055F3 /* SaveImage_Util.h */ = {isa = PBXFileReference; lastKnownFileType = sourcecode.c.h; path = SaveImage_Util.h; sourceTree = "<group>"; };
		F53700951FA7073200E055F3 /* SaveImage_Util.m */ = {isa = PBXFileReference; lastKnownFileType = sourcecode.c.objc; path = SaveImage_Util.m; sourceTree = "<group>"; };
		F53700971FA708EB00E055F3 /* index.html */ = {isa = PBXFileReference; fileEncoding = 4; lastKnownFileType = text.html; path = index.html; sourceTree = "<group>"; };
		F5E8391D1F3C54A200B2E2A7 /* RACViewController.h */ = {isa = PBXFileReference; fileEncoding = 4; lastKnownFileType = sourcecode.c.h; path = RACViewController.h; sourceTree = "<group>"; };
		F5E8391E1F3C54A200B2E2A7 /* RACViewController.m */ = {isa = PBXFileReference; fileEncoding = 4; lastKnownFileType = sourcecode.c.objc; path = RACViewController.m; sourceTree = "<group>"; };
		F5E839201F3C54B600B2E2A7 /* RACSecondViewController.h */ = {isa = PBXFileReference; fileEncoding = 4; lastKnownFileType = sourcecode.c.h; path = RACSecondViewController.h; sourceTree = "<group>"; };
		F5E839211F3C54B600B2E2A7 /* RACSecondViewController.m */ = {isa = PBXFileReference; fileEncoding = 4; lastKnownFileType = sourcecode.c.objc; path = RACSecondViewController.m; sourceTree = "<group>"; };
		F5F2B2AC1FAC3CCE004E5260 /* YJDownloadManager.h */ = {isa = PBXFileReference; lastKnownFileType = sourcecode.c.h; path = YJDownloadManager.h; sourceTree = "<group>"; };
		F5F2B2AD1FAC3CCE004E5260 /* YJDownloadManager.m */ = {isa = PBXFileReference; lastKnownFileType = sourcecode.c.objc; path = YJDownloadManager.m; sourceTree = "<group>"; };
		F5F2B2AF1FAC3CE0004E5260 /* YJDownload.h */ = {isa = PBXFileReference; lastKnownFileType = sourcecode.c.h; path = YJDownload.h; sourceTree = "<group>"; };
		F5F2B2B01FAC3CFA004E5260 /* YJDownloadInfo.h */ = {isa = PBXFileReference; lastKnownFileType = sourcecode.c.h; path = YJDownloadInfo.h; sourceTree = "<group>"; };
		F5F2B2B11FAC3CFA004E5260 /* YJDownloadInfo.m */ = {isa = PBXFileReference; lastKnownFileType = sourcecode.c.objc; path = YJDownloadInfo.m; sourceTree = "<group>"; };
		F5FA078C1F3AE4B90048954F /* libCommon.a */ = {isa = PBXFileReference; lastKnownFileType = archive.ar; name = libCommon.a; path = "../Common/build/Release-iphoneos/libCommon.a"; sourceTree = "<group>"; };
/* End PBXFileReference section */

/* Begin PBXFrameworksBuildPhase section */
		F5070A9E1F2ACE31002C0ADF /* Frameworks */ = {
			isa = PBXFrameworksBuildPhase;
			buildActionMask = 2147483647;
			files = (
				F5FA078D1F3AE4B90048954F /* libCommon.a in Frameworks */,
				330BBAC9F0F5B1E9881A991B /* libPods-Shows-Demos.a in Frameworks */,
			);
			runOnlyForDeploymentPostprocessing = 0;
		};
/* End PBXFrameworksBuildPhase section */

/* Begin PBXGroup section */
		388BA739F9C1C4F8A33DD1FE /* Frameworks */ = {
			isa = PBXGroup;
			children = (
				F5FA078C1F3AE4B90048954F /* libCommon.a */,
				311B57FAF1A936C09B5C1272 /* libPods-Shows-Demos.a */,
			);
			name = Frameworks;
			sourceTree = "<group>";
		};
		E418A7D114B883DD9A69F27B /* Pods */ = {
			isa = PBXGroup;
			children = (
				6E28065135F411A8DAA3E8D4 /* Pods-Shows-Demos.debug.xcconfig */,
				C3ACDF2B7326142883D1BD47 /* Pods-Shows-Demos.release.xcconfig */,
			);
			name = Pods;
			sourceTree = "<group>";
		};
		F5070A981F2ACE31002C0ADF = {
			isa = PBXGroup;
			children = (
				F5070AA31F2ACE31002C0ADF /* Demos */,
				F5070AA21F2ACE31002C0ADF /* Products */,
				E418A7D114B883DD9A69F27B /* Pods */,
				388BA739F9C1C4F8A33DD1FE /* Frameworks */,
			);
			sourceTree = "<group>";
		};
		F5070AA21F2ACE31002C0ADF /* Products */ = {
			isa = PBXGroup;
			children = (
				F5070AA11F2ACE31002C0ADF /* Demos.app */,
			);
			name = Products;
			sourceTree = "<group>";
		};
		F5070AA31F2ACE31002C0ADF /* Demos */ = {
			isa = PBXGroup;
			children = (
				F5F2B2AB1FAC3C8B004E5260 /* YJDownload */,
				F53700901FA7034100E055F3 /* JS_OC_JavaScriptCore */,
				F52C016E1F8F641A005C6FF0 /* ZoomView */,
				F52C016A1F8F60CB005C6FF0 /* UIImagePickerController */,
				F5E8391C1F3C549100B2E2A7 /* RAC */,
				F5070ABB1F2ACEAD002C0ADF /* 多线程 */,
				F5070AA71F2ACE31002C0ADF /* AppDelegate.h */,
				F5070AA81F2ACE31002C0ADF /* AppDelegate.m */,
				F52C01721F8F6914005C6FF0 /* TableViewController.h */,
				F52C01731F8F6914005C6FF0 /* TableViewController.m */,
				F5070AAA1F2ACE31002C0ADF /* ViewController.h */,
				F5070AAB1F2ACE31002C0ADF /* ViewController.m */,
				F5070AAD1F2ACE31002C0ADF /* Main.storyboard */,
				F5070AB01F2ACE31002C0ADF /* Assets.xcassets */,
				F5070AB21F2ACE31002C0ADF /* LaunchScreen.storyboard */,
				F5070AB51F2ACE31002C0ADF /* Info.plist */,
				F5070AA41F2ACE31002C0ADF /* Supporting Files */,
			);
			path = Demos;
			sourceTree = "<group>";
		};
		F5070AA41F2ACE31002C0ADF /* Supporting Files */ = {
			isa = PBXGroup;
			children = (
				F5070AA51F2ACE31002C0ADF /* main.m */,
			);
			name = "Supporting Files";
			sourceTree = "<group>";
		};
		F5070ABB1F2ACEAD002C0ADF /* 多线程 */ = {
			isa = PBXGroup;
			children = (
				F5070ABC1F2ACECA002C0ADF /* GCDTestVC.h */,
				F5070ABD1F2ACECA002C0ADF /* GCDTestVC.m */,
				F5070ABF1F2ADEB9002C0ADF /* NSOperationTestVC.h */,
				F5070AC01F2ADEB9002C0ADF /* NSOperationTestVC.m */,
				F5070AC21F2ADF7C002C0ADF /* DownloadOperation.h */,
				F5070AC31F2ADF7C002C0ADF /* DownloadOperation.m */,
			);
			path = "多线程";
			sourceTree = "<group>";
		};
		F52C016A1F8F60CB005C6FF0 /* UIImagePickerController */ = {
			isa = PBXGroup;
			children = (
				F52C016B1F8F60CB005C6FF0 /* UIImagePickerVC.h */,
				F52C016C1F8F60CB005C6FF0 /* UIImagePickerVC.m */,
				F52C016D1F8F60CB005C6FF0 /* UIImagePickerVC.xib */,
			);
			path = UIImagePickerController;
			sourceTree = "<group>";
		};
		F52C016E1F8F641A005C6FF0 /* ZoomView */ = {
			isa = PBXGroup;
			children = (
				F52C016F1F8F6463005C6FF0 /* ZoomViewController.h */,
				F52C01701F8F6463005C6FF0 /* ZoomViewController.m */,
			);
			path = ZoomView;
			sourceTree = "<group>";
		};
		F53700901FA7034100E055F3 /* JS_OC_JavaScriptCore */ = {
			isa = PBXGroup;
			children = (
				F53700911FA703E000E055F3 /* JavaScriptCoreVC.h */,
				F53700921FA703E000E055F3 /* JavaScriptCoreVC.m */,
				F53700941FA7073200E055F3 /* SaveImage_Util.h */,
				F53700951FA7073200E055F3 /* SaveImage_Util.m */,
				F53700971FA708EB00E055F3 /* index.html */,
			);
			path = JS_OC_JavaScriptCore;
			sourceTree = "<group>";
		};
		F5E8391C1F3C549100B2E2A7 /* RAC */ = {
			isa = PBXGroup;
			children = (
				F5E8391D1F3C54A200B2E2A7 /* RACViewController.h */,
				F5E8391E1F3C54A200B2E2A7 /* RACViewController.m */,
				F5E839201F3C54B600B2E2A7 /* RACSecondViewController.h */,
				F5E839211F3C54B600B2E2A7 /* RACSecondViewController.m */,
			);
			path = RAC;
			sourceTree = "<group>";
		};
		F5F2B2AB1FAC3C8B004E5260 /* YJDownload */ = {
			isa = PBXGroup;
			children = (
				F5F2B2AF1FAC3CE0004E5260 /* YJDownload.h */,
				F5F2B2AC1FAC3CCE004E5260 /* YJDownloadManager.h */,
				F5F2B2AD1FAC3CCE004E5260 /* YJDownloadManager.m */,
				F5F2B2B01FAC3CFA004E5260 /* YJDownloadInfo.h */,
				F5F2B2B11FAC3CFA004E5260 /* YJDownloadInfo.m */,
			);
			path = YJDownload;
			sourceTree = "<group>";
		};
/* End PBXGroup section */

/* Begin PBXNativeTarget section */
		F5070AA01F2ACE31002C0ADF /* Demos */ = {
			isa = PBXNativeTarget;
			buildConfigurationList = F5070AB81F2ACE31002C0ADF /* Build configuration list for PBXNativeTarget "Demos" */;
			buildPhases = (
				A3DE25A0912E5A17A6CB71F0 /* [CP] Check Pods Manifest.lock */,
				F5070A9D1F2ACE31002C0ADF /* Sources */,
				F5070A9E1F2ACE31002C0ADF /* Frameworks */,
				F5070A9F1F2ACE31002C0ADF /* Resources */,
				4C0F25D000E200FDBBA879B2 /* [CP] Embed Pods Frameworks */,
				F016982B7C9EF443D17A1483 /* [CP] Copy Pods Resources */,
			);
			buildRules = (
			);
			dependencies = (
			);
			name = Demos;
			productName = Demos;
			productReference = F5070AA11F2ACE31002C0ADF /* Demos.app */;
			productType = "com.apple.product-type.application";
		};
/* End PBXNativeTarget section */

/* Begin PBXProject section */
		F5070A991F2ACE31002C0ADF /* Project object */ = {
			isa = PBXProject;
			attributes = {
				LastUpgradeCheck = 0900;
				ORGANIZATIONNAME = "Lenovo-Apple";
				TargetAttributes = {
					F5070AA01F2ACE31002C0ADF = {
						CreatedOnToolsVersion = 8.3.3;
						DevelopmentTeam = 4S7HJ2TM84;
						ProvisioningStyle = Automatic;
					};
				};
			};
			buildConfigurationList = F5070A9C1F2ACE31002C0ADF /* Build configuration list for PBXProject "Demos" */;
			compatibilityVersion = "Xcode 3.2";
			developmentRegion = English;
			hasScannedForEncodings = 0;
			knownRegions = (
				en,
				Base,
			);
			mainGroup = F5070A981F2ACE31002C0ADF;
			productRefGroup = F5070AA21F2ACE31002C0ADF /* Products */;
			projectDirPath = "";
			projectRoot = "";
			targets = (
				F5070AA01F2ACE31002C0ADF /* Demos */,
			);
		};
/* End PBXProject section */

/* Begin PBXResourcesBuildPhase section */
		F5070A9F1F2ACE31002C0ADF /* Resources */ = {
			isa = PBXResourcesBuildPhase;
			buildActionMask = 2147483647;
			files = (
				F5070AB41F2ACE31002C0ADF /* LaunchScreen.storyboard in Resources */,
				F53700981FA708EB00E055F3 /* index.html in Resources */,
				F5070AB11F2ACE31002C0ADF /* Assets.xcassets in Resources */,
				F5070AAF1F2ACE31002C0ADF /* Main.storyboard in Resources */,
			);
			runOnlyForDeploymentPostprocessing = 0;
		};
/* End PBXResourcesBuildPhase section */

/* Begin PBXShellScriptBuildPhase section */
		4C0F25D000E200FDBBA879B2 /* [CP] Embed Pods Frameworks */ = {
			isa = PBXShellScriptBuildPhase;
			buildActionMask = 2147483647;
			files = (
			);
			inputPaths = (
			);
			name = "[CP] Embed Pods Frameworks";
			outputPaths = (
			);
			runOnlyForDeploymentPostprocessing = 0;
			shellPath = /bin/sh;
			shellScript = "\"${SRCROOT}/../../Pods/Target Support Files/Pods-Shows-Demos/Pods-Shows-Demos-frameworks.sh\"\n";
			showEnvVarsInLog = 0;
		};
		A3DE25A0912E5A17A6CB71F0 /* [CP] Check Pods Manifest.lock */ = {
			isa = PBXShellScriptBuildPhase;
			buildActionMask = 2147483647;
			files = (
			);
			inputPaths = (
			);
			name = "[CP] Check Pods Manifest.lock";
			outputPaths = (
			);
			runOnlyForDeploymentPostprocessing = 0;
			shellPath = /bin/sh;
			shellScript = "diff \"${PODS_PODFILE_DIR_PATH}/Podfile.lock\" \"${PODS_ROOT}/Manifest.lock\" > /dev/null\nif [ $? != 0 ] ; then\n    # print error to STDERR\n    echo \"error: The sandbox is not in sync with the Podfile.lock. Run 'pod install' or update your CocoaPods installation.\" >&2\n    exit 1\nfi\n";
			showEnvVarsInLog = 0;
		};
		F016982B7C9EF443D17A1483 /* [CP] Copy Pods Resources */ = {
			isa = PBXShellScriptBuildPhase;
			buildActionMask = 2147483647;
			files = (
			);
			inputPaths = (
			);
			name = "[CP] Copy Pods Resources";
			outputPaths = (
			);
			runOnlyForDeploymentPostprocessing = 0;
			shellPath = /bin/sh;
			shellScript = "\"${SRCROOT}/../../Pods/Target Support Files/Pods-Shows-Demos/Pods-Shows-Demos-resources.sh\"\n";
			showEnvVarsInLog = 0;
		};
/* End PBXShellScriptBuildPhase section */

/* Begin PBXSourcesBuildPhase section */
		F5070A9D1F2ACE31002C0ADF /* Sources */ = {
			isa = PBXSourcesBuildPhase;
			buildActionMask = 2147483647;
			files = (
				F5F2B2AE1FAC3CCE004E5260 /* YJDownloadManager.m in Sources */,
				F52C01711F8F6463005C6FF0 /* ZoomViewController.m in Sources */,
				F5070AAC1F2ACE31002C0ADF /* ViewController.m in Sources */,
				F5070AC41F2ADF7C002C0ADF /* DownloadOperation.m in Sources */,
				F5F2B2B21FAC3CFA004E5260 /* YJDownloadInfo.m in Sources */,
				F52C01741F8F6914005C6FF0 /* TableViewController.m in Sources */,
				F5070AC11F2ADEB9002C0ADF /* NSOperationTestVC.m in Sources */,
				F5E8391F1F3C54A200B2E2A7 /* RACViewController.m in Sources */,
				F53700931FA703E000E055F3 /* JavaScriptCoreVC.m in Sources */,
				F5070ABE1F2ACECA002C0ADF /* GCDTestVC.m in Sources */,
				F5E839221F3C54B600B2E2A7 /* RACSecondViewController.m in Sources */,
				F5070AA91F2ACE31002C0ADF /* AppDelegate.m in Sources */,
				F53700961FA7073200E055F3 /* SaveImage_Util.m in Sources */,
				F5070AA61F2ACE31002C0ADF /* main.m in Sources */,
			);
			runOnlyForDeploymentPostprocessing = 0;
		};
/* End PBXSourcesBuildPhase section */

/* Begin PBXVariantGroup section */
		F5070AAD1F2ACE31002C0ADF /* Main.storyboard */ = {
			isa = PBXVariantGroup;
			children = (
				F5070AAE1F2ACE31002C0ADF /* Base */,
			);
			name = Main.storyboard;
			sourceTree = "<group>";
		};
		F5070AB21F2ACE31002C0ADF /* LaunchScreen.storyboard */ = {
			isa = PBXVariantGroup;
			children = (
				F5070AB31F2ACE31002C0ADF /* Base */,
			);
			name = LaunchScreen.storyboard;
			sourceTree = "<group>";
		};
/* End PBXVariantGroup section */

/* Begin XCBuildConfiguration section */
		F5070AB61F2ACE31002C0ADF /* Debug */ = {
			isa = XCBuildConfiguration;
			buildSettings = {
				ALWAYS_SEARCH_USER_PATHS = NO;
				CLANG_ANALYZER_NONNULL = YES;
				CLANG_ANALYZER_NUMBER_OBJECT_CONVERSION = YES_AGGRESSIVE;
				CLANG_CXX_LANGUAGE_STANDARD = "gnu++0x";
				CLANG_CXX_LIBRARY = "libc++";
				CLANG_ENABLE_MODULES = YES;
				CLANG_ENABLE_OBJC_ARC = YES;
				CLANG_WARN_BLOCK_CAPTURE_AUTORELEASING = YES;
				CLANG_WARN_BOOL_CONVERSION = YES;
				CLANG_WARN_COMMA = YES;
				CLANG_WARN_CONSTANT_CONVERSION = YES;
				CLANG_WARN_DIRECT_OBJC_ISA_USAGE = YES_ERROR;
				CLANG_WARN_DOCUMENTATION_COMMENTS = YES;
				CLANG_WARN_EMPTY_BODY = YES;
				CLANG_WARN_ENUM_CONVERSION = YES;
				CLANG_WARN_INFINITE_RECURSION = YES;
				CLANG_WARN_INT_CONVERSION = YES;
				CLANG_WARN_NON_LITERAL_NULL_CONVERSION = YES;
				CLANG_WARN_OBJC_LITERAL_CONVERSION = YES;
				CLANG_WARN_OBJC_ROOT_CLASS = YES_ERROR;
				CLANG_WARN_RANGE_LOOP_ANALYSIS = YES;
				CLANG_WARN_STRICT_PROTOTYPES = YES;
				CLANG_WARN_SUSPICIOUS_MOVE = YES;
				CLANG_WARN_UNREACHABLE_CODE = YES;
				CLANG_WARN__DUPLICATE_METHOD_MATCH = YES;
				"CODE_SIGN_IDENTITY[sdk=iphoneos*]" = "iPhone Developer";
				COPY_PHASE_STRIP = NO;
				DEBUG_INFORMATION_FORMAT = dwarf;
				ENABLE_STRICT_OBJC_MSGSEND = YES;
				ENABLE_TESTABILITY = YES;
				GCC_C_LANGUAGE_STANDARD = gnu99;
				GCC_DYNAMIC_NO_PIC = NO;
				GCC_NO_COMMON_BLOCKS = YES;
				GCC_OPTIMIZATION_LEVEL = 0;
				GCC_PREPROCESSOR_DEFINITIONS = (
					"DEBUG=1",
					"$(inherited)",
				);
				GCC_WARN_64_TO_32_BIT_CONVERSION = YES;
				GCC_WARN_ABOUT_RETURN_TYPE = YES_ERROR;
				GCC_WARN_UNDECLARED_SELECTOR = YES;
				GCC_WARN_UNINITIALIZED_AUTOS = YES_AGGRESSIVE;
				GCC_WARN_UNUSED_FUNCTION = YES;
				GCC_WARN_UNUSED_VARIABLE = YES;
				IPHONEOS_DEPLOYMENT_TARGET = 10.3;
				MTL_ENABLE_DEBUG_INFO = YES;
				ONLY_ACTIVE_ARCH = YES;
				SDKROOT = iphoneos;
				TARGETED_DEVICE_FAMILY = "1,2";
			};
			name = Debug;
		};
		F5070AB71F2ACE31002C0ADF /* Release */ = {
			isa = XCBuildConfiguration;
			buildSettings = {
				ALWAYS_SEARCH_USER_PATHS = NO;
				CLANG_ANALYZER_NONNULL = YES;
				CLANG_ANALYZER_NUMBER_OBJECT_CONVERSION = YES_AGGRESSIVE;
				CLANG_CXX_LANGUAGE_STANDARD = "gnu++0x";
				CLANG_CXX_LIBRARY = "libc++";
				CLANG_ENABLE_MODULES = YES;
				CLANG_ENABLE_OBJC_ARC = YES;
				CLANG_WARN_BLOCK_CAPTURE_AUTORELEASING = YES;
				CLANG_WARN_BOOL_CONVERSION = YES;
				CLANG_WARN_COMMA = YES;
				CLANG_WARN_CONSTANT_CONVERSION = YES;
				CLANG_WARN_DIRECT_OBJC_ISA_USAGE = YES_ERROR;
				CLANG_WARN_DOCUMENTATION_COMMENTS = YES;
				CLANG_WARN_EMPTY_BODY = YES;
				CLANG_WARN_ENUM_CONVERSION = YES;
				CLANG_WARN_INFINITE_RECURSION = YES;
				CLANG_WARN_INT_CONVERSION = YES;
				CLANG_WARN_NON_LITERAL_NULL_CONVERSION = YES;
				CLANG_WARN_OBJC_LITERAL_CONVERSION = YES;
				CLANG_WARN_OBJC_ROOT_CLASS = YES_ERROR;
				CLANG_WARN_RANGE_LOOP_ANALYSIS = YES;
				CLANG_WARN_STRICT_PROTOTYPES = YES;
				CLANG_WARN_SUSPICIOUS_MOVE = YES;
				CLANG_WARN_UNREACHABLE_CODE = YES;
				CLANG_WARN__DUPLICATE_METHOD_MATCH = YES;
				"CODE_SIGN_IDENTITY[sdk=iphoneos*]" = "iPhone Developer";
				COPY_PHASE_STRIP = NO;
				DEBUG_INFORMATION_FORMAT = "dwarf-with-dsym";
				ENABLE_NS_ASSERTIONS = NO;
				ENABLE_STRICT_OBJC_MSGSEND = YES;
				GCC_C_LANGUAGE_STANDARD = gnu99;
				GCC_NO_COMMON_BLOCKS = YES;
				GCC_WARN_64_TO_32_BIT_CONVERSION = YES;
				GCC_WARN_ABOUT_RETURN_TYPE = YES_ERROR;
				GCC_WARN_UNDECLARED_SELECTOR = YES;
				GCC_WARN_UNINITIALIZED_AUTOS = YES_AGGRESSIVE;
				GCC_WARN_UNUSED_FUNCTION = YES;
				GCC_WARN_UNUSED_VARIABLE = YES;
				IPHONEOS_DEPLOYMENT_TARGET = 10.3;
				MTL_ENABLE_DEBUG_INFO = NO;
				SDKROOT = iphoneos;
				TARGETED_DEVICE_FAMILY = "1,2";
				VALIDATE_PRODUCT = YES;
			};
			name = Release;
		};
		F5070AB91F2ACE31002C0ADF /* Debug */ = {
			isa = XCBuildConfiguration;
			baseConfigurationReference = 6E28065135F411A8DAA3E8D4 /* Pods-Shows-Demos.debug.xcconfig */;
			buildSettings = {
				ASSETCATALOG_COMPILER_APPICON_NAME = AppIcon;
				DEVELOPMENT_TEAM = 4S7HJ2TM84;
				HEADER_SEARCH_PATHS = (
					"$(inherited)",
					"\"${PODS_ROOT}/Headers/Public\"",
					"\"${PODS_ROOT}/Headers/Public/AFNetworking\"",
					"\"${PODS_ROOT}/Headers/Public/BlocksKit\"",
					"\"${PODS_ROOT}/Headers/Public/CocoaLumberjack\"",
					"\"${PODS_ROOT}/Headers/Public/DateTools\"",
					"\"${PODS_ROOT}/Headers/Public/FLAnimatedImage\"",
					"\"${PODS_ROOT}/Headers/Public/MBProgressHUD\"",
					"\"${PODS_ROOT}/Headers/Public/MJExtension\"",
					"\"${PODS_ROOT}/Headers/Public/MJRefresh\"",
					"\"${PODS_ROOT}/Headers/Public/Masonry\"",
					"\"${PODS_ROOT}/Headers/Public/PureLayout\"",
					"\"${PODS_ROOT}/Headers/Public/ReactiveCocoa\"",
					"\"${PODS_ROOT}/Headers/Public/SDWebImage\"",
					"\"${PODS_ROOT}/Headers/Public/SVProgressHUD\"",
					"\"${PODS_ROOT}/Headers/Public/Toast\"",
					"$SRCROOT/../Common/Common/**",
				);
				INFOPLIST_FILE = Demos/Info.plist;
				LD_RUNPATH_SEARCH_PATHS = "$(inherited) @executable_path/Frameworks";
				PRODUCT_BUNDLE_IDENTIFIER = "-23.Demos";
				PRODUCT_NAME = "$(TARGET_NAME)";
			};
			name = Debug;
		};
		F5070ABA1F2ACE31002C0ADF /* Release */ = {
			isa = XCBuildConfiguration;
			baseConfigurationReference = C3ACDF2B7326142883D1BD47 /* Pods-Shows-Demos.release.xcconfig */;
			buildSettings = {
				ASSETCATALOG_COMPILER_APPICON_NAME = AppIcon;
				DEVELOPMENT_TEAM = 4S7HJ2TM84;
				HEADER_SEARCH_PATHS = (
					"$(inherited)",
					"\"${PODS_ROOT}/Headers/Public\"",
					"\"${PODS_ROOT}/Headers/Public/AFNetworking\"",
					"\"${PODS_ROOT}/Headers/Public/BlocksKit\"",
					"\"${PODS_ROOT}/Headers/Public/CocoaLumberjack\"",
					"\"${PODS_ROOT}/Headers/Public/DateTools\"",
					"\"${PODS_ROOT}/Headers/Public/FLAnimatedImage\"",
					"\"${PODS_ROOT}/Headers/Public/MBProgressHUD\"",
					"\"${PODS_ROOT}/Headers/Public/MJExtension\"",
					"\"${PODS_ROOT}/Headers/Public/MJRefresh\"",
					"\"${PODS_ROOT}/Headers/Public/Masonry\"",
					"\"${PODS_ROOT}/Headers/Public/PureLayout\"",
					"\"${PODS_ROOT}/Headers/Public/ReactiveCocoa\"",
					"\"${PODS_ROOT}/Headers/Public/SDWebImage\"",
					"\"${PODS_ROOT}/Headers/Public/SVProgressHUD\"",
					"\"${PODS_ROOT}/Headers/Public/Toast\"",
					"$SRCROOT/../Common/Common/**",
				);
				INFOPLIST_FILE = Demos/Info.plist;
				LD_RUNPATH_SEARCH_PATHS = "$(inherited) @executable_path/Frameworks";
				PRODUCT_BUNDLE_IDENTIFIER = "-23.Demos";
				PRODUCT_NAME = "$(TARGET_NAME)";
			};
			name = Release;
		};
/* End XCBuildConfiguration section */

/* Begin XCConfigurationList section */
		F5070A9C1F2ACE31002C0ADF /* Build configuration list for PBXProject "Demos" */ = {
			isa = XCConfigurationList;
			buildConfigurations = (
				F5070AB61F2ACE31002C0ADF /* Debug */,
				F5070AB71F2ACE31002C0ADF /* Release */,
			);
			defaultConfigurationIsVisible = 0;
			defaultConfigurationName = Release;
		};
		F5070AB81F2ACE31002C0ADF /* Build configuration list for PBXNativeTarget "Demos" */ = {
			isa = XCConfigurationList;
			buildConfigurations = (
				F5070AB91F2ACE31002C0ADF /* Debug */,
				F5070ABA1F2ACE31002C0ADF /* Release */,
			);
			defaultConfigurationIsVisible = 0;
			defaultConfigurationName = Release;
		};
/* End XCConfigurationList section */
	};
	rootObject = F5070A991F2ACE31002C0ADF /* Project object */;
}
